
Microsoft Visual Studio Solution File, Format Version 12.00
Project("{FAE04EC0-301F-11D3-BF4B-00C04F79EFBC}") = "Cooke.Gnissel", "Cooke.Gnissel\Cooke.Gnissel.csproj", "{F646B4F0-AF3F-4C09-B161-BAEA589B9660}"
EndProject
Project("{FAE04EC0-301F-11D3-BF4B-00C04F79EFBC}") = "Cooke.Gnissel.Test", "Cooke.Gnissel.Test\Cooke.Gnissel.Test.csproj", "{BF3A2A33-3D90-45B0-AA82-408297920F6C}"
EndProject
Project("{FAE04EC0-301F-11D3-BF4B-00C04F79EFBC}") = "Cooke.Gnissel.Npgsql", "Cooke.Gnissel.Npgsql\Cooke.Gnissel.Npgsql.csproj", "{4EFE5E6E-671F-4AD6-B8FE-9450D6B24905}"
EndProject
Project("{FAE04EC0-301F-11D3-BF4B-00C04F79EFBC}") = "Cooke.Gnissel.Typed.Test", "Cooke.Gnissel.Typed.Test\Cooke.Gnissel.Typed.Test.csproj", "{0BEA54ED-1F8A-46DF-839D-D22EC0FB6633}"
EndProject
Project("{2150E333-8FDC-42A3-9474-1A3956D46DE8}") = "Docs", "Docs", "{91622000-456A-4347-BC78-E9F523BF9D6B}"
	ProjectSection(SolutionItems) = preProject
		..\README.md = ..\README.md
	EndProjectSection
EndProject
Project("{FAE04EC0-301F-11D3-BF4B-00C04F79EFBC}") = "Cooke.Gnissel.SourceGeneration", "Cooke.Gnissel.SourceGeneration\Cooke.Gnissel.SourceGeneration.csproj", "{E30745BF-3855-424B-A491-07C089E76C52}"
EndProject
Project("{FAE04EC0-301F-11D3-BF4B-00C04F79EFBC}") = "Cooke.Gnissel.SourceGeneration.Test", "Cooke.Gnissel.SourceGeneration.Test\Cooke.Gnissel.SourceGeneration.Test.csproj", "{50E841AE-B7DA-4E50-B991-98D3B7916C36}"
EndProject
Global
	GlobalSection(SolutionConfigurationPlatforms) = preSolution
		Debug|Any CPU = Debug|Any CPU
		Release|Any CPU = Release|Any CPU
	EndGlobalSection
	GlobalSection(ProjectConfigurationPlatforms) = postSolution
		{F646B4F0-AF3F-4C09-B161-BAEA589B9660}.Debug|Any CPU.ActiveCfg = Debug|Any CPU
		{F646B4F0-AF3F-4C09-B161-BAEA589B9660}.Debug|Any CPU.Build.0 = Debug|Any CPU
		{F646B4F0-AF3F-4C09-B161-BAEA589B9660}.Release|Any CPU.ActiveCfg = Release|Any CPU
		{F646B4F0-AF3F-4C09-B161-BAEA589B9660}.Release|Any CPU.Build.0 = Release|Any CPU
		{BF3A2A33-3D90-45B0-AA82-408297920F6C}.Debug|Any CPU.ActiveCfg = Debug|Any CPU
		{BF3A2A33-3D90-45B0-AA82-408297920F6C}.Debug|Any CPU.Build.0 = Debug|Any CPU
		{BF3A2A33-3D90-45B0-AA82-408297920F6C}.Release|Any CPU.ActiveCfg = Release|Any CPU
		{BF3A2A33-3D90-45B0-AA82-408297920F6C}.Release|Any CPU.Build.0 = Release|Any CPU
		{4EFE5E6E-671F-4AD6-B8FE-9450D6B24905}.Debug|Any CPU.ActiveCfg = Debug|Any CPU
		{4EFE5E6E-671F-4AD6-B8FE-9450D6B24905}.Debug|Any CPU.Build.0 = Debug|Any CPU
		{4EFE5E6E-671F-4AD6-B8FE-9450D6B24905}.Release|Any CPU.ActiveCfg = Release|Any CPU
		{4EFE5E6E-671F-4AD6-B8FE-9450D6B24905}.Release|Any CPU.Build.0 = Release|Any CPU
		{0BEA54ED-1F8A-46DF-839D-D22EC0FB6633}.Debug|Any CPU.ActiveCfg = Debug|Any CPU
		{0BEA54ED-1F8A-46DF-839D-D22EC0FB6633}.Debug|Any CPU.Build.0 = Debug|Any CPU
		{0BEA54ED-1F8A-46DF-839D-D22EC0FB6633}.Release|Any CPU.ActiveCfg = Release|Any CPU
		{0BEA54ED-1F8A-46DF-839D-D22EC0FB6633}.Release|Any CPU.Build.0 = Release|Any CPU
		{E30745BF-3855-424B-A491-07C089E76C52}.Debug|Any CPU.ActiveCfg = Debug|Any CPU
		{E30745BF-3855-424B-A491-07C089E76C52}.Debug|Any CPU.Build.0 = Debug|Any CPU
		{E30745BF-3855-424B-A491-07C089E76C52}.Release|Any CPU.ActiveCfg = Release|Any CPU
		{E30745BF-3855-424B-A491-07C089E76C52}.Release|Any CPU.Build.0 = Release|Any CPU
		{50E841AE-B7DA-4E50-B991-98D3B7916C36}.Debug|Any CPU.ActiveCfg = Debug|Any CPU
		{50E841AE-B7DA-4E50-B991-98D3B7916C36}.Debug|Any CPU.Build.0 = Debug|Any CPU
		{50E841AE-B7DA-4E50-B991-98D3B7916C36}.Release|Any CPU.ActiveCfg = Release|Any CPU
		{50E841AE-B7DA-4E50-B991-98D3B7916C36}.Release|Any CPU.Build.0 = Release|Any CPU
	EndGlobalSection
EndGlobal
